
Microsoft Visual Studio Solution File, Format Version 12.00
# Visual Studio Version 17
VisualStudioVersion = 17.11.35327.3
MinimumVisualStudioVersion = 10.0.40219.1
Project("{FAE04EC0-301F-11D3-BF4B-00C04F79EFBC}") = "AnnotationSample", "AnnotationSample\AnnotationSample.csproj", "{EB91F27A-7054-4653-85CE-9332322E2378}"
EndProject
Global
	GlobalSection(SolutionConfigurationPlatforms) = preSolution
		Debug|Any CPU = Debug|Any CPU
		Release|Any CPU = Release|Any CPU
	EndGlobalSection
	GlobalSection(ProjectConfigurationPlatforms) = postSolution
		{EB91F27A-7054-4653-85CE-9332322E2378}.Debug|Any CPU.ActiveCfg = Debug|Any CPU
		{EB91F27A-7054-4653-85CE-9332322E2378}.Debug|Any CPU.Build.0 = Debug|Any CPU
		{EB91F27A-7054-4653-85CE-9332322E2378}.Debug|Any CPU.Deploy.0 = Debug|Any CPU
		{EB91F27A-7054-4653-85CE-9332322E2378}.Release|Any CPU.ActiveCfg = Release|Any CPU
		{EB91F27A-7054-4653-85CE-9332322E2378}.Release|Any CPU.Build.0 = Release|Any CPU
		{EB91F27A-7054-4653-85CE-9332322E2378}.Release|Any CPU.Deploy.0 = Release|Any CPU
	EndGlobalSection
	GlobalSection(SolutionProperties) = preSolution
		HideSolutionNode = FALSE
	EndGlobalSection
	GlobalSection(ExtensibilityGlobals) = postSolution
		SolutionGuid = {7CD0EE10-0F8E-4DA5-8124-8840BBF7531E}
	EndGlobalSection
EndGlobal
